#MicroXplorer Configuration settings - do not modify
ADC1.Channel-6\#ChannelRegularConversion=ADC_CHANNEL_6
ADC1.Channel-7\#ChannelRegularConversion=ADC_CHANNEL_15
ADC1.Channel-8\#ChannelRegularConversion=ADC_CHANNEL_14
ADC1.ContinuousConvMode=ENABLE
ADC1.IPParameters=Rank-6\#ChannelRegularConversion,Channel-6\#ChannelRegularConversion,SamplingTime-6\#ChannelRegularConversion,NbrOfConversionFlag,master,ContinuousConvMode,Rank-7\#ChannelRegularConversion,Channel-7\#ChannelRegularConversion,SamplingTime-7\#ChannelRegularConversion,Rank-8\#ChannelRegularConversion,Channel-8\#ChannelRegularConversion,SamplingTime-8\#ChannelRegularConversion,NbrOfConversion
ADC1.NbrOfConversion=3
ADC1.NbrOfConversionFlag=1
ADC1.Rank-6\#ChannelRegularConversion=1
ADC1.Rank-7\#ChannelRegularConversion=2
ADC1.Rank-8\#ChannelRegularConversion=3
ADC1.SamplingTime-6\#ChannelRegularConversion=ADC_SAMPLETIME_239CYCLES_5
ADC1.SamplingTime-7\#ChannelRegularConversion=ADC_SAMPLETIME_239CYCLES_5
ADC1.SamplingTime-8\#ChannelRegularConversion=ADC_SAMPLETIME_239CYCLES_5
ADC1.master=1
Dma.ADC1.0.Direction=DMA_PERIPH_TO_MEMORY
Dma.ADC1.0.Instance=DMA1_Channel1
Dma.ADC1.0.MemDataAlignment=DMA_MDATAALIGN_WORD
Dma.ADC1.0.MemInc=DMA_MINC_ENABLE
Dma.ADC1.0.Mode=DMA_CIRCULAR
Dma.ADC1.0.PeriphDataAlignment=DMA_PDATAALIGN_WORD
Dma.ADC1.0.PeriphInc=DMA_PINC_DISABLE
Dma.ADC1.0.Priority=DMA_PRIORITY_HIGH
Dma.ADC1.0.RequestParameters=Instance,Direction,PeriphInc,MemInc,PeriphDataAlignment,MemDataAlignment,Mode,Priority
Dma.Request0=ADC1
Dma.RequestsNb=1
ETH.IPParameters=MediaInterface,MACAddr
ETH.MACAddr=00\:80\:10\:10\:10\:10
ETH.MediaInterface=ETH_MEDIA_INTERFACE_MII
File.Version=6
I2C1.ClockSpeed=300000
I2C1.I2C_Mode=I2C_Fast
I2C1.IPParameters=I2C_Mode,ClockSpeed
IWDG.IPParameters=Prescaler
IWDG.Prescaler=IWDG_PRESCALER_256
KeepUserPlacement=false
LWIP.CHECKSUM_BY_HARDWARE=1
LWIP.CHECKSUM_CHECK_IP=1
LWIP.CHECKSUM_CHECK_TCP=1
LWIP.CHECKSUM_CHECK_UDP=1
LWIP.CHECKSUM_GEN_IP=1
LWIP.CHECKSUM_GEN_TCP=1
LWIP.CHECKSUM_GEN_UDP=1
LWIP.GATEWAY_ADDRESS=010.200.001.001
LWIP.IPParameters=CHECKSUM_BY_HARDWARE,CHECKSUM_GEN_UDP,CHECKSUM_GEN_IP,CHECKSUM_GEN_TCP,CHECKSUM_CHECK_IP,CHECKSUM_CHECK_UDP,CHECKSUM_CHECK_TCP,LWIP_DHCP,IP_ADDRESS,NETMASK_ADDRESS,GATEWAY_ADDRESS,LWIP_ICMP,LWIP_NETIF_STATUS_CALLBACK,LWIP_NETIF_LINK_CALLBACK,LWIP_NETIF_LOOPBACK,LWIP_RAW,LWIP_TFTP,LWIP_DNS
LWIP.IP_ADDRESS=010.009.073.122
LWIP.LWIP_DHCP=0
LWIP.LWIP_DNS=1
LWIP.LWIP_ICMP=1
LWIP.LWIP_NETIF_LINK_CALLBACK=0
LWIP.LWIP_NETIF_LOOPBACK=0
LWIP.LWIP_NETIF_STATUS_CALLBACK=0
LWIP.LWIP_RAW=1
LWIP.LWIP_TFTP=1
LWIP.NETMASK_ADDRESS=255.000.000.000
LWIP.Version=v2.0.3_Cube
Mcu.Family=STM32F1
Mcu.IP0=ADC1
Mcu.IP1=DMA
Mcu.IP10=SYS
Mcu.IP11=TIM1
Mcu.IP12=USART1
Mcu.IP13=USART3
Mcu.IP2=ETH
Mcu.IP3=I2C1
Mcu.IP4=IWDG
Mcu.IP5=LWIP
Mcu.IP6=NVIC
Mcu.IP7=RCC
Mcu.IP8=RTC
Mcu.IP9=SPI1
Mcu.IPNb=14
Mcu.Name=STM32F107V(B-C)Tx
Mcu.Package=LQFP100
Mcu.Pin0=PE2
Mcu.Pin1=PE3
Mcu.Pin10=PC2
Mcu.Pin11=PC3
Mcu.Pin12=PA0-WKUP
Mcu.Pin13=PA1
Mcu.Pin14=PA2
Mcu.Pin15=PA3
Mcu.Pin16=PA6
Mcu.Pin17=PC4
Mcu.Pin18=PC5
Mcu.Pin19=PE8
Mcu.Pin2=PE4
Mcu.Pin20=PE9
Mcu.Pin21=PE10
Mcu.Pin22=PE11
Mcu.Pin23=PE12
Mcu.Pin24=PE13
Mcu.Pin25=PB10
Mcu.Pin26=PB11
Mcu.Pin27=PB12
Mcu.Pin28=PB13
Mcu.Pin29=PB15
Mcu.Pin3=PE5
Mcu.Pin30=PD8
Mcu.Pin31=PD9
Mcu.Pin32=PD10
Mcu.Pin33=PD11
Mcu.Pin34=PD12
Mcu.Pin35=PD13
Mcu.Pin36=PD14
Mcu.Pin37=PD15
Mcu.Pin38=PC6
Mcu.Pin39=PC9
Mcu.Pin4=PE6
Mcu.Pin40=PA8
Mcu.Pin41=PA9
Mcu.Pin42=PA10
Mcu.Pin43=PA13
Mcu.Pin44=PA14
Mcu.Pin45=PC10
Mcu.Pin46=PC11
Mcu.Pin47=PC12
Mcu.Pin48=PD0
Mcu.Pin49=PD1
Mcu.Pin5=PC14-OSC32_IN
Mcu.Pin50=PD2
Mcu.Pin51=PD3
Mcu.Pin52=PD4
Mcu.Pin53=PD6
Mcu.Pin54=PD7
Mcu.Pin55=PB3
Mcu.Pin56=PB4
Mcu.Pin57=PB5
Mcu.Pin58=PB6
Mcu.Pin59=PB7
Mcu.Pin6=PC15-OSC32_OUT
Mcu.Pin60=PB8
Mcu.Pin61=PE0
Mcu.Pin62=PE1
Mcu.Pin63=VP_IWDG_VS_IWDG
Mcu.Pin64=VP_LWIP_VS_Enabled
Mcu.Pin65=VP_RTC_VS_RTC_Activate
Mcu.Pin66=VP_RTC_VS_RTC_Calendar
Mcu.Pin67=VP_SYS_VS_Systick
Mcu.Pin68=VP_TIM1_VS_ClockSourceINT
Mcu.Pin7=OSC_IN
Mcu.Pin8=OSC_OUT
Mcu.Pin9=PC1
Mcu.PinsNb=69
Mcu.ThirdPartyNb=0
Mcu.UserConstants=
Mcu.UserName=STM32F107VCTx
MxCube.Version=5.3.0
MxDb.Version=DB.5.0.30
NVIC.BusFault_IRQn=true\:0\:0\:false\:false\:true\:false\:false
NVIC.DMA1_Channel1_IRQn=true\:0\:0\:false\:false\:true\:false\:true
NVIC.DebugMonitor_IRQn=true\:0\:0\:false\:false\:true\:false\:false
NVIC.ETH_IRQn=true\:0\:0\:true\:false\:true\:true\:true
NVIC.HardFault_IRQn=true\:0\:0\:false\:false\:true\:false\:false
NVIC.MemoryManagement_IRQn=true\:0\:0\:false\:false\:true\:false\:false
NVIC.NonMaskableInt_IRQn=true\:0\:0\:false\:false\:true\:false\:false
NVIC.PendSV_IRQn=true\:0\:0\:false\:false\:true\:false\:false
NVIC.PriorityGroup=NVIC_PRIORITYGROUP_2
NVIC.RTC_IRQn=true\:0\:0\:false\:false\:true\:true\:true
NVIC.SVCall_IRQn=true\:0\:0\:false\:false\:true\:false\:false
NVIC.SysTick_IRQn=true\:0\:0\:false\:false\:true\:false\:true
NVIC.USART1_IRQn=true\:0\:0\:false\:false\:true\:true\:true
NVIC.USART3_IRQn=true\:0\:0\:false\:false\:true\:true\:true
NVIC.UsageFault_IRQn=true\:0\:0\:false\:false\:true\:false\:false
OSC_IN.Locked=true
OSC_IN.Mode=HSE-External-Oscillator
OSC_IN.Signal=RCC_OSC_IN
OSC_OUT.Locked=true
OSC_OUT.Mode=HSE-External-Oscillator
OSC_OUT.Signal=RCC_OSC_OUT
PA0-WKUP.Mode=MII
PA0-WKUP.Signal=ETH_CRS
PA1.Mode=MII
PA1.Signal=ETH_RX_CLK
PA10.GPIOParameters=GPIO_PuPd
PA10.GPIO_PuPd=GPIO_PULLDOWN
PA10.Locked=true
PA10.Mode=Asynchronous
PA10.Signal=USART1_RX
PA13.Mode=Serial_Wire
PA13.Signal=SYS_JTMS-SWDIO
PA14.Mode=Serial_Wire
PA14.Signal=SYS_JTCK-SWCLK
PA2.Mode=MII
PA2.Signal=ETH_MDIO
PA3.Mode=MII
PA3.Signal=ETH_COL
PA6.GPIOParameters=GPIO_Label
PA6.GPIO_Label=Water In
PA6.Signal=ADCx_IN6
PA8.Locked=true
PA8.Mode=Clock-out
PA8.Signal=RCC_MCO
PA9.Locked=true
PA9.Mode=Asynchronous
PA9.Signal=USART1_TX
PB10.Mode=Activate Rx Err signal
PB10.Signal=ETH_RX_ER
PB11.Mode=MII
PB11.Signal=ETH_TX_EN
PB12.Mode=MII
PB12.Signal=ETH_TXD0
PB13.Mode=MII
PB13.Signal=ETH_TXD1
PB15.GPIOParameters=GPIO_Speed,PinState,GPIO_Label
PB15.GPIO_Label=SPI CS
PB15.GPIO_Speed=GPIO_SPEED_FREQ_HIGH
PB15.Locked=true
PB15.PinState=GPIO_PIN_SET
PB15.Signal=GPIO_Output
PB3.Mode=Full_Duplex_Master
PB3.Signal=SPI1_SCK
PB4.Mode=Full_Duplex_Master
PB4.Signal=SPI1_MISO
PB5.Mode=Full_Duplex_Master
PB5.Signal=SPI1_MOSI
PB6.Mode=I2C
PB6.Signal=I2C1_SCL
PB7.Mode=I2C
PB7.Signal=I2C1_SDA
PB8.Mode=MII
PB8.Signal=ETH_TXD3
PC1.Mode=MII
PC1.Signal=ETH_MDC
PC10.Mode=Asynchronous
PC10.Signal=USART3_TX
PC11.Mode=Asynchronous
PC11.Signal=USART3_RX
PC12.Locked=true
PC12.Signal=GPIO_Output
PC14-OSC32_IN.Mode=LSE-External-Oscillator
PC14-OSC32_IN.Signal=RCC_OSC32_IN
PC15-OSC32_OUT.Mode=LSE-External-Oscillator
PC15-OSC32_OUT.Signal=RCC_OSC32_OUT
PC2.Mode=MII
PC2.Signal=ETH_TXD2
PC3.Mode=MII
PC3.Signal=ETH_TX_CLK
PC4.GPIOParameters=GPIO_Label
PC4.GPIO_Label=Return Air
PC4.Signal=ADCx_IN14
PC5.GPIOParameters=GPIO_Label
PC5.GPIO_Label=Water Out
PC5.Signal=ADCx_IN15
PC6.GPIOParameters=GPIO_Label
PC6.GPIO_Label=AHU filter
PC6.Locked=true
PC6.Signal=GPIO_Input
PC9.GPIOParameters=GPIO_Label
PC9.GPIO_Label=Uart3 driver pin
PC9.Locked=true
PC9.Signal=GPIO_Output
PCC.Checker=false
PCC.Line=STM32F105/107
PCC.MCU=STM32F107V(B-C)Tx
PCC.PartNumber=STM32F107VCTx
PCC.Seq0=0
PCC.Series=STM32F1
PCC.Temperature=25
PCC.Vdd=3.3
PD0.Locked=true
PD0.Signal=GPIO_Output
PD1.Locked=true
PD1.Signal=GPIO_Output
PD10.Locked=true
PD10.Mode=MII
PD10.Signal=ETH_RXD1
PD11.Locked=true
PD11.Mode=MII
PD11.Signal=ETH_RXD2
PD12.Locked=true
PD12.Mode=MII
PD12.Signal=ETH_RXD3
PD13.Locked=true
PD13.Signal=GPIO_Output
PD14.Locked=true
PD14.Signal=GPIO_Output
PD15.Locked=true
PD15.Signal=GPIO_Output
PD2.Locked=true
PD2.Signal=GPIO_Output
PD3.Locked=true
PD3.Signal=GPIO_Output
PD4.Locked=true
PD4.Signal=GPIO_Output
PD6.Locked=true
PD6.Signal=GPIO_Output
PD7.Locked=true
PD7.Signal=GPIO_Output
PD8.Locked=true
PD8.Mode=MII
PD8.Signal=ETH_RX_DV
PD9.Locked=true
PD9.Mode=MII
PD9.Signal=ETH_RXD0
PE0.GPIOParameters=GPIO_Speed,PinState
PE0.GPIO_Speed=GPIO_SPEED_FREQ_HIGH
PE0.Locked=true
PE0.PinState=GPIO_PIN_SET
PE0.Signal=GPIO_Output
PE1.GPIOParameters=PinState,GPIO_Label
PE1.GPIO_Label=EXT_VFD_ON
PE1.Locked=true
PE1.PinState=GPIO_PIN_SET
PE1.Signal=GPIO_Output
PE10.Locked=true
PE10.Signal=GPIO_Output
PE11.Locked=true
PE11.Signal=S_TIM1_CH2
PE12.GPIOParameters=GPIO_Speed,PinState
PE12.GPIO_Speed=GPIO_SPEED_FREQ_HIGH
PE12.Locked=true
PE12.PinState=GPIO_PIN_SET
PE12.Signal=GPIO_Output
PE13.GPIOParameters=GPIO_PuPd
PE13.GPIO_PuPd=GPIO_PULLDOWN
PE13.Locked=true
PE13.Signal=GPIO_Input
PE2.Locked=true
PE2.Signal=GPIO_Output
PE3.Locked=true
PE3.Signal=GPIO_Output
PE4.Locked=true
PE4.Signal=GPIO_Output
PE5.Locked=true
PE5.Signal=GPIO_Output
PE6.GPIOParameters=GPIO_PuPd
PE6.GPIO_PuPd=GPIO_PULLDOWN
PE6.Locked=true
PE6.Signal=GPIO_Input
PE8.GPIOParameters=GPIO_PuPd
PE8.GPIO_PuPd=GPIO_PULLDOWN
PE8.Locked=true
PE8.Signal=GPIO_Input
PE9.GPIOParameters=GPIO_Label
PE9.GPIO_Label=FREQ_CTRL
PE9.Locked=true
PE9.Signal=S_TIM1_CH1
PinOutPanel.RotationAngle=0
ProjectManager.AskForMigrate=true
ProjectManager.BackupPrevious=false
ProjectManager.CompilerOptimize=6
ProjectManager.ComputerToolchain=false
ProjectManager.CoupleFile=false
ProjectManager.CustomerFirmwarePackage=
ProjectManager.DefaultFWLocation=true
ProjectManager.DeletePrevious=false
ProjectManager.DeviceId=STM32F107VCTx
ProjectManager.FirmwarePackage=STM32Cube FW_F1 V1.7.0
ProjectManager.FreePins=false
ProjectManager.HalAssertFull=false
ProjectManager.HeapSize=0x200
ProjectManager.KeepUserCode=true
ProjectManager.LastFirmware=true
ProjectManager.LibraryCopy=1
ProjectManager.MainLocation=Src
ProjectManager.NoMain=false
ProjectManager.PreviousToolchain=
ProjectManager.ProjectBuild=false
ProjectManager.ProjectFileName=MQTT.ioc
ProjectManager.ProjectName=MQTT
ProjectManager.StackSize=0x400
ProjectManager.TargetToolchain=EWARM V8
ProjectManager.ToolChainLocation=
ProjectManager.UnderRoot=false
ProjectManager.functionlistsort=1-MX_GPIO_Init-GPIO-false-HAL-true,2-MX_DMA_Init-DMA-false-HAL-true,3-SystemClock_Config-RCC-false-HAL-false,4-MX_LWIP_Init-LWIP-false-HAL-true,5-MX_ADC1_Init-ADC1-false-HAL-true,6-MX_I2C1_Init-I2C1-false-HAL-true,7-MX_SPI1_Init-SPI1-false-HAL-true,8-MX_USART3_UART_Init-USART3-false-HAL-true,9-MX_TIM1_Init-TIM1-false-HAL-true,10-MX_RTC_Init-RTC-false-HAL-true,11-MX_USART1_UART_Init-USART1-false-HAL-true
RCC.ADCFreqValue=500000
RCC.ADCPresc=RCC_ADCPCLK2_DIV6
RCC.AHBFreq_Value=48000000
RCC.APB1CLKDivider=RCC_HCLK_DIV2
RCC.APB1Freq_Value=24000000
RCC.APB1TimFreq_Value=48000000
RCC.APB2CLKDivider=RCC_HCLK_DIV16
RCC.APB2Freq_Value=3000000
RCC.APB2TimFreq_Value=6000000
RCC.FCLKCortexFreq_Value=48000000
RCC.FamilyName=M
RCC.HCLKFreq_Value=48000000
RCC.HSEDivPLL=RCC_HSE_PREDIV_DIV2
RCC.HSE_VALUE=24000000
RCC.I2S2Freq_Value=48000000
RCC.I2S3Freq_Value=48000000
RCC.IPParameters=ADCFreqValue,ADCPresc,AHBFreq_Value,APB1CLKDivider,APB1Freq_Value,APB1TimFreq_Value,APB2CLKDivider,APB2Freq_Value,APB2TimFreq_Value,FCLKCortexFreq_Value,FamilyName,HCLKFreq_Value,HSEDivPLL,HSE_VALUE,I2S2Freq_Value,I2S3Freq_Value,MCOFreq_Value,PLL2CLKoutputFreqValue,PLL2VCOoutputFreqValue,PLL3CLKoutputFreqValue,PLL3VCOoutputFreqValue,PLLCLKFreq_Value,PLLSourceVirtual,Prediv2FreqValue,RCC_MCOSource,RTCClockSelection,RTCFreq_Value,SYSCLKFreq_VALUE,SYSCLKSource,TimSysFreq_Value,USBFreq_Value,VCOOutput2Freq_Value
RCC.MCOFreq_Value=24000000
RCC.PLL2CLKoutputFreqValue=192000000
RCC.PLL2VCOoutputFreqValue=384000000
RCC.PLL3CLKoutputFreqValue=192000000
RCC.PLL3VCOoutputFreqValue=384000000
RCC.PLLCLKFreq_Value=48000000
RCC.PLLSourceVirtual=RCC_PLLSOURCE_HSE
RCC.Prediv2FreqValue=24000000
RCC.RCC_MCOSource=RCC_MCO1SOURCE_HSE
RCC.RTCClockSelection=RCC_RTCCLKSOURCE_LSE
RCC.RTCFreq_Value=32768
RCC.SYSCLKFreq_VALUE=48000000
RCC.SYSCLKSource=RCC_SYSCLKSOURCE_PLLCLK
RCC.TimSysFreq_Value=48000000
RCC.USBFreq_Value=32000000
RCC.VCOOutput2Freq_Value=12000000
RTC.Date=12
RTC.Hours=12
RTC.IPParameters=Hours,Minutes,WeekDay,Month,Date,Year
RTC.Minutes=25
RTC.Month=RTC_MONTH_NOVEMBER
RTC.WeekDay=RTC_WEEKDAY_TUESDAY
RTC.Year=19
SH.ADCx_IN14.0=ADC1_IN14,IN14
SH.ADCx_IN14.ConfNb=1
SH.ADCx_IN15.0=ADC1_IN15,IN15
SH.ADCx_IN15.ConfNb=1
SH.ADCx_IN6.0=ADC1_IN6,IN6
SH.ADCx_IN6.ConfNb=1
SH.S_TIM1_CH1.0=TIM1_CH1,PWM Generation1 CH1
SH.S_TIM1_CH1.ConfNb=1
SH.S_TIM1_CH2.0=TIM1_CH2,PWM Generation2 CH2
SH.S_TIM1_CH2.ConfNb=1
SPI1.BaudRatePrescaler=SPI_BAUDRATEPRESCALER_256
SPI1.CRCCalculation=SPI_CRCCALCULATION_ENABLE
SPI1.CalculateBaudRate=11.718 KBits/s
SPI1.Direction=SPI_DIRECTION_2LINES
SPI1.IPParameters=VirtualType,Mode,Direction,BaudRatePrescaler,CalculateBaudRate,CRCCalculation
SPI1.Mode=SPI_MODE_MASTER
SPI1.VirtualType=VM_MASTER
TIM1.Channel-PWM\ Generation1\ CH1=TIM_CHANNEL_1
TIM1.Channel-PWM\ Generation2\ CH2=TIM_CHANNEL_2
TIM1.IPParameters=Period,Channel-PWM Generation2 CH2,Pulse-PWM Generation2 CH2,OCMode_PWM-PWM Generation2 CH2,Channel-PWM Generation1 CH1
TIM1.OCMode_PWM-PWM\ Generation2\ CH2=TIM_OCMODE_PWM2
TIM1.Period=600
TIM1.Pulse-PWM\ Generation2\ CH2=0
USART1.BaudRate=9600
USART1.IPParameters=VirtualMode,BaudRate,WordLength,Parity
USART1.Parity=PARITY_EVEN
USART1.VirtualMode=VM_ASYNC
USART1.WordLength=WORDLENGTH_9B
USART3.BaudRate=9600
USART3.IPParameters=VirtualMode,BaudRate,WordLength,Parity,StopBits
USART3.Parity=PARITY_EVEN
USART3.StopBits=STOPBITS_2
USART3.VirtualMode=VM_ASYNC
USART3.WordLength=WORDLENGTH_9B
VP_IWDG_VS_IWDG.Mode=IWDG_Activate
VP_IWDG_VS_IWDG.Signal=IWDG_VS_IWDG
VP_LWIP_VS_Enabled.Mode=Enabled
VP_LWIP_VS_Enabled.Signal=LWIP_VS_Enabled
VP_RTC_VS_RTC_Activate.Mode=RTC_Enabled
VP_RTC_VS_RTC_Activate.Signal=RTC_VS_RTC_Activate
VP_RTC_VS_RTC_Calendar.Mode=RTC_Calendar
VP_RTC_VS_RTC_Calendar.Signal=RTC_VS_RTC_Calendar
VP_SYS_VS_Systick.Mode=SysTick
VP_SYS_VS_Systick.Signal=SYS_VS_Systick
VP_TIM1_VS_ClockSourceINT.Mode=Internal
VP_TIM1_VS_ClockSourceINT.Signal=TIM1_VS_ClockSourceINT
board=custom
